// !$*UTF8*$!
{
	archiveVersion = 1;
	classes = {
	};
	objectVersion = 46;
	objects = {

/* Begin PBXBuildFile section */
		84202E4A1CDD6C96004FC2C1 /* dolphins.ttf in Resources */ = {isa = PBXBuildFile; fileRef = 84202E491CDD6C96004FC2C1 /* dolphins.ttf */; };
		845484311CDD6508005AF8A9 /* AppDelegate.swift in Sources */ = {isa = PBXBuildFile; fileRef = 845484301CDD6508005AF8A9 /* AppDelegate.swift */; };
		845484331CDD6508005AF8A9 /* ViewController.swift in Sources */ = {isa = PBXBuildFile; fileRef = 845484321CDD6508005AF8A9 /* ViewController.swift */; };
		845484361CDD6508005AF8A9 /* Main.storyboard in Resources */ = {isa = PBXBuildFile; fileRef = 845484341CDD6508005AF8A9 /* Main.storyboard */; };
		845484381CDD6508005AF8A9 /* Assets.xcassets in Resources */ = {isa = PBXBuildFile; fileRef = 845484371CDD6508005AF8A9 /* Assets.xcassets */; };
		8454843B1CDD6508005AF8A9 /* LaunchScreen.storyboard in Resources */ = {isa = PBXBuildFile; fileRef = 845484391CDD6508005AF8A9 /* LaunchScreen.storyboard */; };
/* End PBXBuildFile section */

/* Begin PBXFileReference section */
		84202E491CDD6C96004FC2C1 /* dolphins.ttf */ = {isa = PBXFileReference; lastKnownFileType = file; path = dolphins.ttf; sourceTree = "<group>"; };
		8454842D1CDD6508005AF8A9 /* MyOwnApp1.app */ = {isa = PBXFileReference; explicitFileType = wrapper.application; includeInIndex = 0; path = MyOwnApp1.app; sourceTree = BUILT_PRODUCTS_DIR; };
		845484301CDD6508005AF8A9 /* AppDelegate.swift */ = {isa = PBXFileReference; lastKnownFileType = sourcecode.swift; path = AppDelegate.swift; sourceTree = "<group>"; };
		845484321CDD6508005AF8A9 /* ViewController.swift */ = {isa = PBXFileReference; lastKnownFileType = sourcecode.swift; path = ViewController.swift; sourceTree = "<group>"; };
		845484351CDD6508005AF8A9 /* Base */ = {isa = PBXFileReference; lastKnownFileType = file.storyboard; name = Base; path = Base.lproj/Main.storyboard; sourceTree = "<group>"; };
		845484371CDD6508005AF8A9 /* Assets.xcassets */ = {isa = PBXFileReference; lastKnownFileType = folder.assetcatalog; path = Assets.xcassets; sourceTree = "<group>"; };
		8454843A1CDD6508005AF8A9 /* Base */ = {isa = PBXFileReference; lastKnownFileType = file.storyboard; name = Base; path = Base.lproj/LaunchScreen.storyboard; sourceTree = "<group>"; };
		8454843C1CDD6508005AF8A9 /* Info.plist */ = {isa = PBXFileReference; lastKnownFileType = text.plist.xml; path = Info.plist; sourceTree = "<group>"; };
/* End PBXFileReference section */

/* Begin PBXFrameworksBuildPhase section */
		8454842A1CDD6508005AF8A9 /* Frameworks */ = {
			isa = PBXFrameworksBuildPhase;
			buildActionMask = 2147483647;
			files = (
			);
			runOnlyForDeploymentPostprocessing = 0;
		};
/* End PBXFrameworksBuildPhase section */

/* Begin PBXGroup section */
		845484241CDD6508005AF8A9 = {
			isa = PBXGroup;
			children = (
				8454842F1CDD6508005AF8A9 /* MyOwnApp1 */,
				8454842E1CDD6508005AF8A9 /* Products */,
			);
			sourceTree = "<group>";
		};
		8454842E1CDD6508005AF8A9 /* Products */ = {
			isa = PBXGroup;
			children = (
				8454842D1CDD6508005AF8A9 /* MyOwnApp1.app */,
			);
			name = Products;
			sourceTree = "<group>";
		};
		8454842F1CDD6508005AF8A9 /* MyOwnApp1 */ = {
			isa = PBXGroup;
			children = (
				845484301CDD6508005AF8A9 /* AppDelegate.swift */,
				845484321CDD6508005AF8A9 /* ViewController.swift */,
				845484341CDD6508005AF8A9 /* Main.storyboard */,
				845484371CDD6508005AF8A9 /* Assets.xcassets */,
				84202E491CDD6C96004FC2C1 /* dolphins.ttf */,
				845484391CDD6508005AF8A9 /* LaunchScreen.storyboard */,
				8454843C1CDD6508005AF8A9 /* Info.plist */,
			);
			path = MyOwnApp1;
			sourceTree = "<group>";
		};
/* End PBXGroup section */

/* Begin PBXNativeTarget section */
		8454842C1CDD6508005AF8A9 /* MyOwnApp1 */ = {
			isa = PBXNativeTarget;
			buildConfigurationList = 8454843F1CDD6508005AF8A9 /* Build configuration list for PBXNativeTarget "MyOwnApp1" */;
			buildPhases = (
				845484291CDD6508005AF8A9 /* Sources */,
				8454842A1CDD6508005AF8A9 /* Frameworks */,
				8454842B1CDD6508005AF8A9 /* Resources */,
			);
			buildRules = (
			);
			dependencies = (
			);
			name = MyOwnApp1;
			productName = MyOwnApp1;
			productReference = 8454842D1CDD6508005AF8A9 /* MyOwnApp1.app */;
			productType = "com.apple.product-type.application";
		};
/* End PBXNativeTarget section */

/* Begin PBXProject section */
		845484251CDD6508005AF8A9 /* Project object */ = {
			isa = PBXProject;
			attributes = {
				LastSwiftUpdateCheck = 0730;
				LastUpgradeCheck = 0730;
				ORGANIZATIONNAME = LearnAPps;
				TargetAttributes = {
					8454842C1CDD6508005AF8A9 = {
						CreatedOnToolsVersion = 7.3;
					};
				};
			};
			buildConfigurationList = 845484281CDD6508005AF8A9 /* Build configuration list for PBXProject "MyOwnApp1" */;
			compatibilityVersion = "Xcode 3.2";
			developmentRegion = English;
			hasScannedForEncodings = 0;
			knownRegions = (
				en,
				Base,
			);
			mainGroup = 845484241CDD6508005AF8A9;
			productRefGroup = 8454842E1CDD6508005AF8A9 /* Products */;
			projectDirPath = "";
			projectRoot = "";
			targets = (
				8454842C1CDD6508005AF8A9 /* MyOwnApp1 */,
			);
		};
/* End PBXProject section */

/* Begin PBXResourcesBuildPhase section */
		8454842B1CDD6508005AF8A9 /* Resources */ = {
			isa = PBXResourcesBuildPhase;
			buildActionMask = 2147483647;
			files = (
				8454843B1CDD6508005AF8A9 /* LaunchScreen.storyboard in Resources */,
				84202E4A1CDD6C96004FC2C1 /* dolphins.ttf in Resources */,
				845484381CDD6508005AF8A9 /* Assets.xcassets in Resources */,
				845484361CDD6508005AF8A9 /* Main.storyboard in Resources */,
			);
			runOnlyForDeploymentPostprocessing = 0;
		};
/* End PBXResourcesBuildPhase section */

/* Begin PBXSourcesBuildPhase section */
		845484291CDD6508005AF8A9 /* Sources */ = {
			isa = PBXSourcesBuildPhase;
			buildActionMask = 2147483647;
			files = (
				845484331CDD6508005AF8A9 /* ViewController.swift in Sources */,
				845484311CDD6508005AF8A9 /* AppDelegate.swift in Sources */,
			);
			runOnlyForDeploymentPostprocessing = 0;
		};
/* End PBXSourcesBuildPhase section */

/* Begin PBXVariantGroup section */
		845484341CDD6508005AF8A9 /* Main.storyboard */ = {
			isa = PBXVariantGroup;
			children = (
				845484351CDD6508005AF8A9 /* Base */,
			);
			name = Main.storyboard;
			sourceTree = "<group>";
		};
		845484391CDD6508005AF8A9 /* LaunchScreen.storyboard */ = {
			isa = PBXVariantGroup;
			children = (
				8454843A1CDD6508005AF8A9 /* Base */,
			);
			name = LaunchScreen.storyboard;
			sourceTree = "<group>";
		};
/* End PBXVariantGroup section */

/* Begin XCBuildConfiguration section */
		8454843D1CDD6508005AF8A9 /* Debug */ = {
			isa = XCBuildConfiguration;
			buildSettings = {
				ALWAYS_SEARCH_USER_PATHS = NO;
				CLANG_ANALYZER_NONNULL = YES;
				CLANG_CXX_LANGUAGE_STANDARD = "gnu++0x";
				CLANG_CXX_LIBRARY = "libc++";
				CLANG_ENABLE_MODULES = YES;
				CLANG_ENABLE_OBJC_ARC = YES;
				CLANG_WARN_BOOL_CONVERSION = YES;
				CLANG_WARN_CONSTANT_CONVERSION = YES;
				CLANG_WARN_DIRECT_OBJC_ISA_USAGE = YES_ERROR;
				CLANG_WARN_EMPTY_BODY = YES;
				CLANG_WARN_ENUM_CONVERSION = YES;
				CLANG_WARN_INT_CONVERSION = YES;
				CLANG_WARN_OBJC_ROOT_CLASS = YES_ERROR;
				CLANG_WARN_UNREACHABLE_CODE = YES;
				CLANG_WARN__DUPLICATE_METHOD_MATCH = YES;
				"CODE_SIGN_IDENTITY[sdk=iphoneos*]" = "iPhone Developer";
				COPY_PHASE_STRIP = NO;
				DEBUG_INFORMATION_FORMAT = dwarf;
				ENABLE_STRICT_OBJC_MSGSEND = YES;
				ENABLE_TESTABILITY = YES;
				GCC_C_LANGUAGE_STANDARD = gnu99;
				GCC_DYNAMIC_NO_PIC = NO;
				GCC_NO_COMMON_BLOCKS = YES;
				GCC_OPTIMIZATION_LEVEL = 0;
				GCC_PREPROCESSOR_DEFINITIONS = (
					"DEBUG=1",
					"$(inherited)",
				);
				GCC_WARN_64_TO_32_BIT_CONVERSION = YES;
				GCC_WARN_ABOUT_RETURN_TYPE = YES_ERROR;
				GCC_WARN_UNDECLARED_SELECTOR = YES;
				GCC_WARN_UNINITIALIZED_AUTOS = YES_AGGRESSIVE;
				GCC_WARN_UNUSED_FUNCTION = YES;
				GCC_WARN_UNUSED_VARIABLE = YES;
				IPHONEOS_DEPLOYMENT_TARGET = 9.3;
				MTL_ENABLE_DEBUG_INFO = YES;
				ONLY_ACTIVE_ARCH = YES;
				SDKROOT = iphoneos;
				SWIFT_OPTIMIZATION_LEVEL = "-Onone";
			};
			name = Debug;
		};
		8454843E1CDD6508005AF8A9 /* Release */ = {
			isa = XCBuildConfiguration;
			buildSettings = {
				ALWAYS_SEARCH_USER_PATHS = NO;
				CLANG_ANALYZER_NONNULL = YES;
				CLANG_CXX_LANGUAGE_STANDARD = "gnu++0x";
				CLANG_CXX_LIBRARY = "libc++";
				CLANG_ENABLE_MODULES = YES;
				CLANG_ENABLE_OBJC_ARC = YES;
				CLANG_WARN_BOOL_CONVERSION = YES;
				CLANG_WARN_CONSTANT_CONVERSION = YES;
				CLANG_WARN_DIRECT_OBJC_ISA_USAGE = YES_ERROR;
				CLANG_WARN_EMPTY_BODY = YES;
				CLANG_WARN_ENUM_CONVERSION = YES;
				CLANG_WARN_INT_CONVERSION = YES;
				CLANG_WARN_OBJC_ROOT_CLASS = YES_ERROR;
				CLANG_WARN_UNREACHABLE_CODE = YES;
				CLANG_WARN__DUPLICATE_METHOD_MATCH = YES;
				"CODE_SIGN_IDENTITY[sdk=iphoneos*]" = "iPhone Developer";
				COPY_PHASE_STRIP = NO;
				DEBUG_INFORMATION_FORMAT = "dwarf-with-dsym";
				ENABLE_NS_ASSERTIONS = NO;
				ENABLE_STRICT_OBJC_MSGSEND = YES;
				GCC_C_LANGUAGE_STANDARD = gnu99;
				GCC_NO_COMMON_BLOCKS = YES;
				GCC_WARN_64_TO_32_BIT_CONVERSION = YES;
				GCC_WARN_ABOUT_RETURN_TYPE = YES_ERROR;
				GCC_WARN_UNDECLARED_SELECTOR = YES;
				GCC_WARN_UNINITIALIZED_AUTOS = YES_AGGRESSIVE;
				GCC_WARN_UNUSED_FUNCTION = YES;
				GCC_WARN_UNUSED_VARIABLE = YES;
				IPHONEOS_DEPLOYMENT_TARGET = 9.3;
				MTL_ENABLE_DEBUG_INFO = NO;
				SDKROOT = iphoneos;
				VALIDATE_PRODUCT = YES;
			};
			name = Release;
		};
		845484401CDD6508005AF8A9 /* Debug */ = {
			isa = XCBuildConfiguration;
			buildSettings = {
				ASSETCATALOG_COMPILER_APPICON_NAME = AppIcon;
				INFOPLIST_FILE = MyOwnApp1/Info.plist;
				LD_RUNPATH_SEARCH_PATHS = "$(inherited) @executable_path/Frameworks";
				PRODUCT_BUNDLE_IDENTIFIER = com.Saint.MyOwnApp1;
				PRODUCT_NAME = "$(TARGET_NAME)";
				TARGETED_DEVICE_FAMILY = 1;
			};
			name = Debug;
		};
		845484411CDD6508005AF8A9 /* Release */ = {
			isa = XCBuildConfiguration;
			buildSettings = {
				ASSETCATALOG_COMPILER_APPICON_NAME = AppIcon;
				INFOPLIST_FILE = MyOwnApp1/Info.plist;
				LD_RUNPATH_SEARCH_PATHS = "$(inherited) @executable_path/Frameworks";
				PRODUCT_BUNDLE_IDENTIFIER = com.Saint.MyOwnApp1;
				PRODUCT_NAME = "$(TARGET_NAME)";
				TARGETED_DEVICE_FAMILY = 1;
			};
			name = Release;
		};
/* End XCBuildConfiguration section */

/* Begin XCConfigurationList section */
		845484281CDD6508005AF8A9 /* Build configuration list for PBXProject "MyOwnApp1" */ = {
			isa = XCConfigurationList;
			buildConfigurations = (
				8454843D1CDD6508005AF8A9 /* Debug */,
				8454843E1CDD6508005AF8A9 /* Release */,
			);
			defaultConfigurationIsVisible = 0;
			defaultConfigurationName = Release;
		};
		8454843F1CDD6508005AF8A9 /* Build configuration list for PBXNativeTarget "MyOwnApp1" */ = {
			isa = XCConfigurationList;
			buildConfigurations = (
				845484401CDD6508005AF8A9 /* Debug */,
				845484411CDD6508005AF8A9 /* Release */,
			);
			defaultConfigurationIsVisible = 0;
			defaultConfigurationName = Release;
		};
/* End XCConfigurationList section */
	};
	rootObject = 845484251CDD6508005AF8A9 /* Project object */;
}
